PODS:
  - Alamofire (5.4.1)
  - FeedKit (9.1.2)
  - GRDB.swift (5.2.0):
    - GRDB.swift/standard (= 5.2.0)
  - GRDB.swift/standard (5.2.0)
  - Kingfisher (6.2.1)
  - SnapKit (5.0.1)

DEPENDENCIES:
  - Alamofire (~> 5.2)
  - FeedKit (~> 9.0)
  - GRDB.swift
  - Kingfisher (~> 6.0)
  - SnapKit (~> 5.0.0)

SPEC REPOS:
  trunk:
    - Alamofire
    - FeedKit
    - GRDB.swift
    - Kingfisher
    - SnapKit

SPEC CHECKSUMS:
  Alamofire: 2291f7d21ca607c491dd17642e5d40fdcda0e65c
  FeedKit: 71653273ab08e618cd6fd1301ca08fc02dca6a9e
  GRDB.swift: f44f61fd032e176e3aadb1f70e15656dc50ca018
  Kingfisher: e71c6fac2aebb1262888cabc2cb13d313362a48f
  SnapKit: 97b92857e3df3a0c71833cce143274bf6ef8e5eb

PODFILE CHECKSUM: dcbee6405d533b205cf9ac11a732cdb14e19a9f7

COCOAPODS: 1.10.0
