// !$*UTF8*$!
{
	archiveVersion = 1;
	classes = {
	};
	objectVersion = 51;
	objects = {

/* Begin PBXBuildFile section */
		0187C53794AAFC5DFD4142FB /* Pods_Podcast.framework in Frameworks */ = {isa = PBXBuildFile; fileRef = 9F41E56F7B2C230AFCAA9834 /* Pods_Podcast.framework */; };
		0933B2E92619981E00C8C941 /* PlayerViewController.swift in Sources */ = {isa = PBXBuildFile; fileRef = 0933B2E82619981E00C8C941 /* PlayerViewController.swift */; };
		0935307425E7482200DAE739 /* AppDelegate.swift in Sources */ = {isa = PBXBuildFile; fileRef = 0935307325E7482200DAE739 /* AppDelegate.swift */; };
		0935307625E7482200DAE739 /* SceneDelegate.swift in Sources */ = {isa = PBXBuildFile; fileRef = 0935307525E7482200DAE739 /* SceneDelegate.swift */; };
		0935307825E7482200DAE739 /* ViewController.swift in Sources */ = {isa = PBXBuildFile; fileRef = 0935307725E7482200DAE739 /* ViewController.swift */; };
		0935307B25E7482200DAE739 /* Main.storyboard in Resources */ = {isa = PBXBuildFile; fileRef = 0935307925E7482200DAE739 /* Main.storyboard */; };
		0935307D25E7482300DAE739 /* Assets.xcassets in Resources */ = {isa = PBXBuildFile; fileRef = 0935307C25E7482300DAE739 /* Assets.xcassets */; };
		0935308025E7482300DAE739 /* LaunchScreen.storyboard in Resources */ = {isa = PBXBuildFile; fileRef = 0935307E25E7482300DAE739 /* LaunchScreen.storyboard */; };
		093530BA25FF444900DAE739 /* NetworkManager.swift in Sources */ = {isa = PBXBuildFile; fileRef = 093530B925FF444900DAE739 /* NetworkManager.swift */; };
		093530C425FF4CE400DAE739 /* Episode.swift in Sources */ = {isa = PBXBuildFile; fileRef = 093530C325FF4CE400DAE739 /* Episode.swift */; };
		093530C825FF4CF200DAE739 /* Podcast.swift in Sources */ = {isa = PBXBuildFile; fileRef = 093530C725FF4CF200DAE739 /* Podcast.swift */; };
		093530F32606426400DAE739 /* Home.storyboard in Resources */ = {isa = PBXBuildFile; fileRef = 093530F12606426400DAE739 /* Home.storyboard */; };
		093530F9260642E000DAE739 /* MyPage.storyboard in Resources */ = {isa = PBXBuildFile; fileRef = 093530F8260642E000DAE739 /* MyPage.storyboard */; };
		093530FD260646FF00DAE739 /* MyPageViewController.swift in Sources */ = {isa = PBXBuildFile; fileRef = 093530FC260646FF00DAE739 /* MyPageViewController.swift */; };
		093531002606470D00DAE739 /* HomeViewController.swift in Sources */ = {isa = PBXBuildFile; fileRef = 093530FF2606470D00DAE739 /* HomeViewController.swift */; };
		0935310926070E1F00DAE739 /* PodcastDetailViewController.swift in Sources */ = {isa = PBXBuildFile; fileRef = 0935310826070E1F00DAE739 /* PodcastDetailViewController.swift */; };
		0935310E26087C5000DAE739 /* RSSFeed.swift in Sources */ = {isa = PBXBuildFile; fileRef = 0935310D26087C5000DAE739 /* RSSFeed.swift */; };
		093942AD263FF3FC00A9FD66 /* SearchViewController.swift in Sources */ = {isa = PBXBuildFile; fileRef = 093942AC263FF3FC00A9FD66 /* SearchViewController.swift */; };
		093942B0263FF46000A9FD66 /* RecentlySubscribedPodcastCell.swift in Sources */ = {isa = PBXBuildFile; fileRef = 093942AF263FF46000A9FD66 /* RecentlySubscribedPodcastCell.swift */; };
		093942B3263FF47D00A9FD66 /* RecommendationPodcastCell.swift in Sources */ = {isa = PBXBuildFile; fileRef = 093942B2263FF47D00A9FD66 /* RecommendationPodcastCell.swift */; };
		093942B6263FF49E00A9FD66 /* HomeSectionHeaderView.swift in Sources */ = {isa = PBXBuildFile; fileRef = 093942B5263FF49E00A9FD66 /* HomeSectionHeaderView.swift */; };
		093942BB2640205100A9FD66 /* SearchView.storyboard in Resources */ = {isa = PBXBuildFile; fileRef = 093942BA2640205100A9FD66 /* SearchView.storyboard */; };
		0948E0D126106B6C00BAC00E /* SearchViewTableViewCell.swift in Sources */ = {isa = PBXBuildFile; fileRef = 0948E0D026106B6B00BAC00E /* SearchViewTableViewCell.swift */; };
		09E0E8F1262733890032E806 /* GRDBHelper.swift in Sources */ = {isa = PBXBuildFile; fileRef = 09E0E8F0262733890032E806 /* GRDBHelper.swift */; };
		09E0E912262F283C0032E806 /* SubcribedPodcasts.storyboard in Resources */ = {isa = PBXBuildFile; fileRef = 09E0E911262F283C0032E806 /* SubcribedPodcasts.storyboard */; };
		09E0E916262FDDC60032E806 /* SubscribedPodcastsViewController.swift in Sources */ = {isa = PBXBuildFile; fileRef = 09E0E915262FDDC60032E806 /* SubscribedPodcastsViewController.swift */; };
/* End PBXBuildFile section */

/* Begin PBXFileReference section */
		0933B2E82619981E00C8C941 /* PlayerViewController.swift */ = {isa = PBXFileReference; lastKnownFileType = sourcecode.swift; path = PlayerViewController.swift; sourceTree = "<group>"; };
		0935307025E7482200DAE739 /* Podcast.app */ = {isa = PBXFileReference; explicitFileType = wrapper.application; includeInIndex = 0; path = Podcast.app; sourceTree = BUILT_PRODUCTS_DIR; };
		0935307325E7482200DAE739 /* AppDelegate.swift */ = {isa = PBXFileReference; lastKnownFileType = sourcecode.swift; path = AppDelegate.swift; sourceTree = "<group>"; };
		0935307525E7482200DAE739 /* SceneDelegate.swift */ = {isa = PBXFileReference; lastKnownFileType = sourcecode.swift; path = SceneDelegate.swift; sourceTree = "<group>"; };
		0935307725E7482200DAE739 /* ViewController.swift */ = {isa = PBXFileReference; lastKnownFileType = sourcecode.swift; path = ViewController.swift; sourceTree = "<group>"; };
		0935307A25E7482200DAE739 /* Base */ = {isa = PBXFileReference; lastKnownFileType = file.storyboard; name = Base; path = Base.lproj/Main.storyboard; sourceTree = "<group>"; };
		0935307C25E7482300DAE739 /* Assets.xcassets */ = {isa = PBXFileReference; lastKnownFileType = folder.assetcatalog; path = Assets.xcassets; sourceTree = "<group>"; };
		0935307F25E7482300DAE739 /* Base */ = {isa = PBXFileReference; lastKnownFileType = file.storyboard; name = Base; path = Base.lproj/LaunchScreen.storyboard; sourceTree = "<group>"; };
		0935308125E7482300DAE739 /* Info.plist */ = {isa = PBXFileReference; lastKnownFileType = text.plist.xml; path = Info.plist; sourceTree = "<group>"; };
		093530B425FF439200DAE739 /* Alamofire.framework */ = {isa = PBXFileReference; explicitFileType = wrapper.framework; path = Alamofire.framework; sourceTree = BUILT_PRODUCTS_DIR; };
		093530B925FF444900DAE739 /* NetworkManager.swift */ = {isa = PBXFileReference; lastKnownFileType = sourcecode.swift; path = NetworkManager.swift; sourceTree = "<group>"; };
		093530BE25FF453500DAE739 /* FeedKit.framework */ = {isa = PBXFileReference; explicitFileType = wrapper.framework; path = FeedKit.framework; sourceTree = BUILT_PRODUCTS_DIR; };
		093530C325FF4CE400DAE739 /* Episode.swift */ = {isa = PBXFileReference; lastKnownFileType = sourcecode.swift; path = Episode.swift; sourceTree = "<group>"; };
		093530C725FF4CF200DAE739 /* Podcast.swift */ = {isa = PBXFileReference; lastKnownFileType = sourcecode.swift; path = Podcast.swift; sourceTree = "<group>"; };
		093530F22606426400DAE739 /* Base */ = {isa = PBXFileReference; lastKnownFileType = file.storyboard; name = Base; path = Podcast/Base.lproj/Home.storyboard; sourceTree = SOURCE_ROOT; };
		093530F8260642E000DAE739 /* MyPage.storyboard */ = {isa = PBXFileReference; fileEncoding = 4; lastKnownFileType = file.storyboard; path = MyPage.storyboard; sourceTree = SOURCE_ROOT; };
		093530FC260646FF00DAE739 /* MyPageViewController.swift */ = {isa = PBXFileReference; lastKnownFileType = sourcecode.swift; path = MyPageViewController.swift; sourceTree = "<group>"; };
		093530FF2606470D00DAE739 /* HomeViewController.swift */ = {isa = PBXFileReference; lastKnownFileType = sourcecode.swift; path = HomeViewController.swift; sourceTree = "<group>"; };
		0935310826070E1F00DAE739 /* PodcastDetailViewController.swift */ = {isa = PBXFileReference; lastKnownFileType = sourcecode.swift; path = PodcastDetailViewController.swift; sourceTree = "<group>"; };
		0935310D26087C5000DAE739 /* RSSFeed.swift */ = {isa = PBXFileReference; lastKnownFileType = sourcecode.swift; path = RSSFeed.swift; sourceTree = "<group>"; };
		093942AC263FF3FC00A9FD66 /* SearchViewController.swift */ = {isa = PBXFileReference; lastKnownFileType = sourcecode.swift; path = SearchViewController.swift; sourceTree = "<group>"; };
		093942AF263FF46000A9FD66 /* RecentlySubscribedPodcastCell.swift */ = {isa = PBXFileReference; lastKnownFileType = sourcecode.swift; path = RecentlySubscribedPodcastCell.swift; sourceTree = "<group>"; };
		093942B2263FF47D00A9FD66 /* RecommendationPodcastCell.swift */ = {isa = PBXFileReference; lastKnownFileType = sourcecode.swift; path = RecommendationPodcastCell.swift; sourceTree = "<group>"; };
		093942B5263FF49E00A9FD66 /* HomeSectionHeaderView.swift */ = {isa = PBXFileReference; lastKnownFileType = sourcecode.swift; path = HomeSectionHeaderView.swift; sourceTree = "<group>"; };
		093942BA2640205100A9FD66 /* SearchView.storyboard */ = {isa = PBXFileReference; fileEncoding = 4; lastKnownFileType = file.storyboard; path = SearchView.storyboard; sourceTree = "<group>"; };
		0948E0D026106B6B00BAC00E /* SearchViewTableViewCell.swift */ = {isa = PBXFileReference; lastKnownFileType = sourcecode.swift; path = SearchViewTableViewCell.swift; sourceTree = "<group>"; };
		09E0E8F0262733890032E806 /* GRDBHelper.swift */ = {isa = PBXFileReference; lastKnownFileType = sourcecode.swift; path = GRDBHelper.swift; sourceTree = "<group>"; };
		09E0E911262F283C0032E806 /* SubcribedPodcasts.storyboard */ = {isa = PBXFileReference; fileEncoding = 4; lastKnownFileType = file.storyboard; path = SubcribedPodcasts.storyboard; sourceTree = "<group>"; };
		09E0E915262FDDC60032E806 /* SubscribedPodcastsViewController.swift */ = {isa = PBXFileReference; lastKnownFileType = sourcecode.swift; path = SubscribedPodcastsViewController.swift; sourceTree = "<group>"; };
		1E1BAE6BF9C95D483DB72436 /* Pods-Podcast.debug.xcconfig */ = {isa = PBXFileReference; includeInIndex = 1; lastKnownFileType = text.xcconfig; name = "Pods-Podcast.debug.xcconfig"; path = "Target Support Files/Pods-Podcast/Pods-Podcast.debug.xcconfig"; sourceTree = "<group>"; };
		9F41E56F7B2C230AFCAA9834 /* Pods_Podcast.framework */ = {isa = PBXFileReference; explicitFileType = wrapper.framework; includeInIndex = 0; path = Pods_Podcast.framework; sourceTree = BUILT_PRODUCTS_DIR; };
		C1067988AC9983CDECFBE7CD /* Pods-Podcast.release.xcconfig */ = {isa = PBXFileReference; includeInIndex = 1; lastKnownFileType = text.xcconfig; name = "Pods-Podcast.release.xcconfig"; path = "Target Support Files/Pods-Podcast/Pods-Podcast.release.xcconfig"; sourceTree = "<group>"; };
/* End PBXFileReference section */

/* Begin PBXFrameworksBuildPhase section */
		0935306D25E7482200DAE739 /* Frameworks */ = {
			isa = PBXFrameworksBuildPhase;
			buildActionMask = 2147483647;
			files = (
				0187C53794AAFC5DFD4142FB /* Pods_Podcast.framework in Frameworks */,
			);
			runOnlyForDeploymentPostprocessing = 0;
		};
/* End PBXFrameworksBuildPhase section */

/* Begin PBXGroup section */
		0933B2E7261997D800C8C941 /* Player */ = {
			isa = PBXGroup;
			children = (
				0933B2E82619981E00C8C941 /* PlayerViewController.swift */,
			);
			path = Player;
			sourceTree = "<group>";
		};
		0935306725E7482200DAE739 = {
			isa = PBXGroup;
			children = (
				0935307225E7482200DAE739 /* Podcast */,
				0935307125E7482200DAE739 /* Products */,
				6833C69CDC4966DA0A401454 /* Pods */,
				E0CFDDFA66EE3D975C179CEA /* Frameworks */,
			);
			sourceTree = "<group>";
		};
		0935307125E7482200DAE739 /* Products */ = {
			isa = PBXGroup;
			children = (
				0935307025E7482200DAE739 /* Podcast.app */,
			);
			name = Products;
			sourceTree = "<group>";
		};
		0935307225E7482200DAE739 /* Podcast */ = {
			isa = PBXGroup;
			children = (
				0935310C26087C2A00DAE739 /* Helpers */,
				093530EA2606420E00DAE739 /* View */,
				093530C225FF4CBE00DAE739 /* Models */,
				093530B825FF43F700DAE739 /* Networking */,
				0935307325E7482200DAE739 /* AppDelegate.swift */,
				0935307525E7482200DAE739 /* SceneDelegate.swift */,
				0935307725E7482200DAE739 /* ViewController.swift */,
				0935307C25E7482300DAE739 /* Assets.xcassets */,
				0935307E25E7482300DAE739 /* LaunchScreen.storyboard */,
				0935308125E7482300DAE739 /* Info.plist */,
			);
			path = Podcast;
			sourceTree = "<group>";
		};
		093530B825FF43F700DAE739 /* Networking */ = {
			isa = PBXGroup;
			children = (
				093530B925FF444900DAE739 /* NetworkManager.swift */,
			);
			path = Networking;
			sourceTree = "<group>";
		};
		093530C225FF4CBE00DAE739 /* Models */ = {
			isa = PBXGroup;
			children = (
				093530C325FF4CE400DAE739 /* Episode.swift */,
				093530C725FF4CF200DAE739 /* Podcast.swift */,
			);
			path = Models;
			sourceTree = "<group>";
		};
		093530EA2606420E00DAE739 /* View */ = {
			isa = PBXGroup;
			children = (
				093942B82640200D00A9FD66 /* SearchView */,
				09E0E8F3262C89430032E806 /* SubcribedPodcastsView */,
				0933B2E7261997D800C8C941 /* Player */,
				0935310726070DD200DAE739 /* PodcastDetail */,
				0935307925E7482200DAE739 /* Main.storyboard */,
				093530F5260642A400DAE739 /* MyPage */,
				093530EC2606421D00DAE739 /* Home */,
			);
			path = View;
			sourceTree = "<group>";
		};
		093530EC2606421D00DAE739 /* Home */ = {
			isa = PBXGroup;
			children = (
				093530F12606426400DAE739 /* Home.storyboard */,
				093530FF2606470D00DAE739 /* HomeViewController.swift */,
				093942AF263FF46000A9FD66 /* RecentlySubscribedPodcastCell.swift */,
				093942B2263FF47D00A9FD66 /* RecommendationPodcastCell.swift */,
				093942B5263FF49E00A9FD66 /* HomeSectionHeaderView.swift */,
			);
			path = Home;
			sourceTree = "<group>";
		};
		093530F5260642A400DAE739 /* MyPage */ = {
			isa = PBXGroup;
			children = (
				093530F8260642E000DAE739 /* MyPage.storyboard */,
				093530FC260646FF00DAE739 /* MyPageViewController.swift */,
			);
			path = MyPage;
			sourceTree = "<group>";
		};
		0935310726070DD200DAE739 /* PodcastDetail */ = {
			isa = PBXGroup;
			children = (
				0935310826070E1F00DAE739 /* PodcastDetailViewController.swift */,
			);
			path = PodcastDetail;
			sourceTree = "<group>";
		};
		0935310C26087C2A00DAE739 /* Helpers */ = {
			isa = PBXGroup;
			children = (
				0935310D26087C5000DAE739 /* RSSFeed.swift */,
				09E0E8F0262733890032E806 /* GRDBHelper.swift */,
			);
			path = Helpers;
			sourceTree = "<group>";
		};
		093942B82640200D00A9FD66 /* SearchView */ = {
			isa = PBXGroup;
			children = (
				0948E0D026106B6B00BAC00E /* SearchViewTableViewCell.swift */,
				093942AC263FF3FC00A9FD66 /* SearchViewController.swift */,
				093942BA2640205100A9FD66 /* SearchView.storyboard */,
			);
			path = SearchView;
			sourceTree = "<group>";
		};
		09E0E8F3262C89430032E806 /* SubcribedPodcastsView */ = {
			isa = PBXGroup;
			children = (
				09E0E911262F283C0032E806 /* SubcribedPodcasts.storyboard */,
				09E0E915262FDDC60032E806 /* SubscribedPodcastsViewController.swift */,
			);
			path = SubcribedPodcastsView;
			sourceTree = "<group>";
		};
		6833C69CDC4966DA0A401454 /* Pods */ = {
			isa = PBXGroup;
			children = (
				1E1BAE6BF9C95D483DB72436 /* Pods-Podcast.debug.xcconfig */,
				C1067988AC9983CDECFBE7CD /* Pods-Podcast.release.xcconfig */,
			);
			path = Pods;
			sourceTree = "<group>";
		};
		E0CFDDFA66EE3D975C179CEA /* Frameworks */ = {
			isa = PBXGroup;
			children = (
				093530BE25FF453500DAE739 /* FeedKit.framework */,
				093530B425FF439200DAE739 /* Alamofire.framework */,
				9F41E56F7B2C230AFCAA9834 /* Pods_Podcast.framework */,
			);
			name = Frameworks;
			sourceTree = "<group>";
		};
/* End PBXGroup section */

/* Begin PBXNativeTarget section */
		0935306F25E7482200DAE739 /* Podcast */ = {
			isa = PBXNativeTarget;
			buildConfigurationList = 0935308425E7482300DAE739 /* Build configuration list for PBXNativeTarget "Podcast" */;
			buildPhases = (
				316A6684BA53E36293D75658 /* [CP] Check Pods Manifest.lock */,
				0935306C25E7482200DAE739 /* Sources */,
				0935306D25E7482200DAE739 /* Frameworks */,
				0935306E25E7482200DAE739 /* Resources */,
				660F5B16B70D50FBA49EE02D /* [CP] Embed Pods Frameworks */,
			);
			buildRules = (
			);
			dependencies = (
			);
			name = Podcast;
			productName = Podcast;
			productReference = 0935307025E7482200DAE739 /* Podcast.app */;
			productType = "com.apple.product-type.application";
		};
/* End PBXNativeTarget section */

/* Begin PBXProject section */
		0935306825E7482200DAE739 /* Project object */ = {
			isa = PBXProject;
			attributes = {
				LastSwiftUpdateCheck = 1240;
				LastUpgradeCheck = 1240;
				TargetAttributes = {
					0935306F25E7482200DAE739 = {
						CreatedOnToolsVersion = 12.4;
					};
				};
			};
			buildConfigurationList = 0935306B25E7482200DAE739 /* Build configuration list for PBXProject "Podcast" */;
			compatibilityVersion = "Xcode 9.3";
			developmentRegion = en;
			hasScannedForEncodings = 0;
			knownRegions = (
				en,
				Base,
			);
			mainGroup = 0935306725E7482200DAE739;
			productRefGroup = 0935307125E7482200DAE739 /* Products */;
			projectDirPath = "";
			projectRoot = "";
			targets = (
				0935306F25E7482200DAE739 /* Podcast */,
			);
		};
/* End PBXProject section */

/* Begin PBXResourcesBuildPhase section */
		0935306E25E7482200DAE739 /* Resources */ = {
			isa = PBXResourcesBuildPhase;
			buildActionMask = 2147483647;
			files = (
				0935308025E7482300DAE739 /* LaunchScreen.storyboard in Resources */,
				093942BB2640205100A9FD66 /* SearchView.storyboard in Resources */,
				093530F9260642E000DAE739 /* MyPage.storyboard in Resources */,
				0935307D25E7482300DAE739 /* Assets.xcassets in Resources */,
				0935307B25E7482200DAE739 /* Main.storyboard in Resources */,
				093530F32606426400DAE739 /* Home.storyboard in Resources */,
				09E0E912262F283C0032E806 /* SubcribedPodcasts.storyboard in Resources */,
			);
			runOnlyForDeploymentPostprocessing = 0;
		};
/* End PBXResourcesBuildPhase section */

/* Begin PBXShellScriptBuildPhase section */
		316A6684BA53E36293D75658 /* [CP] Check Pods Manifest.lock */ = {
			isa = PBXShellScriptBuildPhase;
			buildActionMask = 2147483647;
			files = (
			);
			inputFileListPaths = (
			);
			inputPaths = (
				"${PODS_PODFILE_DIR_PATH}/Podfile.lock",
				"${PODS_ROOT}/Manifest.lock",
			);
			name = "[CP] Check Pods Manifest.lock";
			outputFileListPaths = (
			);
			outputPaths = (
				"$(DERIVED_FILE_DIR)/Pods-Podcast-checkManifestLockResult.txt",
			);
			runOnlyForDeploymentPostprocessing = 0;
			shellPath = /bin/sh;
			shellScript = "diff \"${PODS_PODFILE_DIR_PATH}/Podfile.lock\" \"${PODS_ROOT}/Manifest.lock\" > /dev/null\nif [ $? != 0 ] ; then\n    # print error to STDERR\n    echo \"error: The sandbox is not in sync with the Podfile.lock. Run 'pod install' or update your CocoaPods installation.\" >&2\n    exit 1\nfi\n# This output is used by Xcode 'outputs' to avoid re-running this script phase.\necho \"SUCCESS\" > \"${SCRIPT_OUTPUT_FILE_0}\"\n";
			showEnvVarsInLog = 0;
		};
		660F5B16B70D50FBA49EE02D /* [CP] Embed Pods Frameworks */ = {
			isa = PBXShellScriptBuildPhase;
			buildActionMask = 2147483647;
			files = (
			);
			inputFileListPaths = (
				"${PODS_ROOT}/Target Support Files/Pods-Podcast/Pods-Podcast-frameworks-${CONFIGURATION}-input-files.xcfilelist",
			);
			name = "[CP] Embed Pods Frameworks";
			outputFileListPaths = (
				"${PODS_ROOT}/Target Support Files/Pods-Podcast/Pods-Podcast-frameworks-${CONFIGURATION}-output-files.xcfilelist",
			);
			runOnlyForDeploymentPostprocessing = 0;
			shellPath = /bin/sh;
			shellScript = "\"${PODS_ROOT}/Target Support Files/Pods-Podcast/Pods-Podcast-frameworks.sh\"\n";
			showEnvVarsInLog = 0;
		};
/* End PBXShellScriptBuildPhase section */

/* Begin PBXSourcesBuildPhase section */
		0935306C25E7482200DAE739 /* Sources */ = {
			isa = PBXSourcesBuildPhase;
			buildActionMask = 2147483647;
			files = (
				093942AD263FF3FC00A9FD66 /* SearchViewController.swift in Sources */,
				0948E0D126106B6C00BAC00E /* SearchViewTableViewCell.swift in Sources */,
				093530BA25FF444900DAE739 /* NetworkManager.swift in Sources */,
				09E0E8F1262733890032E806 /* GRDBHelper.swift in Sources */,
				09E0E916262FDDC60032E806 /* SubscribedPodcastsViewController.swift in Sources */,
				0935310926070E1F00DAE739 /* PodcastDetailViewController.swift in Sources */,
				0935307825E7482200DAE739 /* ViewController.swift in Sources */,
				093530FD260646FF00DAE739 /* MyPageViewController.swift in Sources */,
				093942B0263FF46000A9FD66 /* RecentlySubscribedPodcastCell.swift in Sources */,
				093942B3263FF47D00A9FD66 /* RecommendationPodcastCell.swift in Sources */,
				093942B6263FF49E00A9FD66 /* HomeSectionHeaderView.swift in Sources */,
				0933B2E92619981E00C8C941 /* PlayerViewController.swift in Sources */,
				093531002606470D00DAE739 /* HomeViewController.swift in Sources */,
				093530C825FF4CF200DAE739 /* Podcast.swift in Sources */,
				0935307425E7482200DAE739 /* AppDelegate.swift in Sources */,
				093530C425FF4CE400DAE739 /* Episode.swift in Sources */,
				0935310E26087C5000DAE739 /* RSSFeed.swift in Sources */,
				0935307625E7482200DAE739 /* SceneDelegate.swift in Sources */,
			);
			runOnlyForDeploymentPostprocessing = 0;
		};
/* End PBXSourcesBuildPhase section */

/* Begin PBXVariantGroup section */
		0935307925E7482200DAE739 /* Main.storyboard */ = {
			isa = PBXVariantGroup;
			children = (
				0935307A25E7482200DAE739 /* Base */,
			);
			name = Main.storyboard;
			sourceTree = "<group>";
		};
		0935307E25E7482300DAE739 /* LaunchScreen.storyboard */ = {
			isa = PBXVariantGroup;
			children = (
				0935307F25E7482300DAE739 /* Base */,
			);
			name = LaunchScreen.storyboard;
			sourceTree = "<group>";
		};
		093530F12606426400DAE739 /* Home.storyboard */ = {
			isa = PBXVariantGroup;
			children = (
				093530F22606426400DAE739 /* Base */,
			);
			name = Home.storyboard;
			sourceTree = "<group>";
		};
/* End PBXVariantGroup section */

/* Begin XCBuildConfiguration section */
		0935308225E7482300DAE739 /* Debug */ = {
			isa = XCBuildConfiguration;
			buildSettings = {
				ALWAYS_SEARCH_USER_PATHS = NO;
				CLANG_ANALYZER_NONNULL = YES;
				CLANG_ANALYZER_NUMBER_OBJECT_CONVERSION = YES_AGGRESSIVE;
				CLANG_CXX_LANGUAGE_STANDARD = "gnu++14";
				CLANG_CXX_LIBRARY = "libc++";
				CLANG_ENABLE_MODULES = YES;
				CLANG_ENABLE_OBJC_ARC = YES;
				CLANG_ENABLE_OBJC_WEAK = YES;
				CLANG_WARN_BLOCK_CAPTURE_AUTORELEASING = YES;
				CLANG_WARN_BOOL_CONVERSION = YES;
				CLANG_WARN_COMMA = YES;
				CLANG_WARN_CONSTANT_CONVERSION = YES;
				CLANG_WARN_DEPRECATED_OBJC_IMPLEMENTATIONS = YES;
				CLANG_WARN_DIRECT_OBJC_ISA_USAGE = YES_ERROR;
				CLANG_WARN_DOCUMENTATION_COMMENTS = YES;
				CLANG_WARN_EMPTY_BODY = YES;
				CLANG_WARN_ENUM_CONVERSION = YES;
				CLANG_WARN_INFINITE_RECURSION = YES;
				CLANG_WARN_INT_CONVERSION = YES;
				CLANG_WARN_NON_LITERAL_NULL_CONVERSION = YES;
				CLANG_WARN_OBJC_IMPLICIT_RETAIN_SELF = YES;
				CLANG_WARN_OBJC_LITERAL_CONVERSION = YES;
				CLANG_WARN_OBJC_ROOT_CLASS = YES_ERROR;
				CLANG_WARN_QUOTED_INCLUDE_IN_FRAMEWORK_HEADER = YES;
				CLANG_WARN_RANGE_LOOP_ANALYSIS = YES;
				CLANG_WARN_STRICT_PROTOTYPES = YES;
				CLANG_WARN_SUSPICIOUS_MOVE = YES;
				CLANG_WARN_UNGUARDED_AVAILABILITY = YES_AGGRESSIVE;
				CLANG_WARN_UNREACHABLE_CODE = YES;
				CLANG_WARN__DUPLICATE_METHOD_MATCH = YES;
				COPY_PHASE_STRIP = NO;
				DEBUG_INFORMATION_FORMAT = dwarf;
				ENABLE_STRICT_OBJC_MSGSEND = YES;
				ENABLE_TESTABILITY = YES;
				GCC_C_LANGUAGE_STANDARD = gnu11;
				GCC_DYNAMIC_NO_PIC = NO;
				GCC_NO_COMMON_BLOCKS = YES;
				GCC_OPTIMIZATION_LEVEL = 0;
				GCC_PREPROCESSOR_DEFINITIONS = (
					"DEBUG=1",
					"$(inherited)",
				);
				GCC_WARN_64_TO_32_BIT_CONVERSION = YES;
				GCC_WARN_ABOUT_RETURN_TYPE = YES_ERROR;
				GCC_WARN_UNDECLARED_SELECTOR = YES;
				GCC_WARN_UNINITIALIZED_AUTOS = YES_AGGRESSIVE;
				GCC_WARN_UNUSED_FUNCTION = YES;
				GCC_WARN_UNUSED_VARIABLE = YES;
				IPHONEOS_DEPLOYMENT_TARGET = 14.4;
				MTL_ENABLE_DEBUG_INFO = INCLUDE_SOURCE;
				MTL_FAST_MATH = YES;
				ONLY_ACTIVE_ARCH = YES;
				SDKROOT = iphoneos;
				SWIFT_ACTIVE_COMPILATION_CONDITIONS = DEBUG;
				SWIFT_OPTIMIZATION_LEVEL = "-Onone";
			};
			name = Debug;
		};
		0935308325E7482300DAE739 /* Release */ = {
			isa = XCBuildConfiguration;
			buildSettings = {
				ALWAYS_SEARCH_USER_PATHS = NO;
				CLANG_ANALYZER_NONNULL = YES;
				CLANG_ANALYZER_NUMBER_OBJECT_CONVERSION = YES_AGGRESSIVE;
				CLANG_CXX_LANGUAGE_STANDARD = "gnu++14";
				CLANG_CXX_LIBRARY = "libc++";
				CLANG_ENABLE_MODULES = YES;
				CLANG_ENABLE_OBJC_ARC = YES;
				CLANG_ENABLE_OBJC_WEAK = YES;
				CLANG_WARN_BLOCK_CAPTURE_AUTORELEASING = YES;
				CLANG_WARN_BOOL_CONVERSION = YES;
				CLANG_WARN_COMMA = YES;
				CLANG_WARN_CONSTANT_CONVERSION = YES;
				CLANG_WARN_DEPRECATED_OBJC_IMPLEMENTATIONS = YES;
				CLANG_WARN_DIRECT_OBJC_ISA_USAGE = YES_ERROR;
				CLANG_WARN_DOCUMENTATION_COMMENTS = YES;
				CLANG_WARN_EMPTY_BODY = YES;
				CLANG_WARN_ENUM_CONVERSION = YES;
				CLANG_WARN_INFINITE_RECURSION = YES;
				CLANG_WARN_INT_CONVERSION = YES;
				CLANG_WARN_NON_LITERAL_NULL_CONVERSION = YES;
				CLANG_WARN_OBJC_IMPLICIT_RETAIN_SELF = YES;
				CLANG_WARN_OBJC_LITERAL_CONVERSION = YES;
				CLANG_WARN_OBJC_ROOT_CLASS = YES_ERROR;
				CLANG_WARN_QUOTED_INCLUDE_IN_FRAMEWORK_HEADER = YES;
				CLANG_WARN_RANGE_LOOP_ANALYSIS = YES;
				CLANG_WARN_STRICT_PROTOTYPES = YES;
				CLANG_WARN_SUSPICIOUS_MOVE = YES;
				CLANG_WARN_UNGUARDED_AVAILABILITY = YES_AGGRESSIVE;
				CLANG_WARN_UNREACHABLE_CODE = YES;
				CLANG_WARN__DUPLICATE_METHOD_MATCH = YES;
				COPY_PHASE_STRIP = NO;
				DEBUG_INFORMATION_FORMAT = "dwarf-with-dsym";
				ENABLE_NS_ASSERTIONS = NO;
				ENABLE_STRICT_OBJC_MSGSEND = YES;
				GCC_C_LANGUAGE_STANDARD = gnu11;
				GCC_NO_COMMON_BLOCKS = YES;
				GCC_WARN_64_TO_32_BIT_CONVERSION = YES;
				GCC_WARN_ABOUT_RETURN_TYPE = YES_ERROR;
				GCC_WARN_UNDECLARED_SELECTOR = YES;
				GCC_WARN_UNINITIALIZED_AUTOS = YES_AGGRESSIVE;
				GCC_WARN_UNUSED_FUNCTION = YES;
				GCC_WARN_UNUSED_VARIABLE = YES;
				IPHONEOS_DEPLOYMENT_TARGET = 14.4;
				MTL_ENABLE_DEBUG_INFO = NO;
				MTL_FAST_MATH = YES;
				SDKROOT = iphoneos;
				SWIFT_COMPILATION_MODE = wholemodule;
				SWIFT_OPTIMIZATION_LEVEL = "-O";
				VALIDATE_PRODUCT = YES;
			};
			name = Release;
		};
		0935308525E7482300DAE739 /* Debug */ = {
			isa = XCBuildConfiguration;
			baseConfigurationReference = 1E1BAE6BF9C95D483DB72436 /* Pods-Podcast.debug.xcconfig */;
			buildSettings = {
				ASSETCATALOG_COMPILER_APPICON_NAME = AppIcon;
				ASSETCATALOG_COMPILER_GLOBAL_ACCENT_COLOR_NAME = AccentColor;
				CODE_SIGN_STYLE = Automatic;
				DEVELOPMENT_TEAM = 324FCA6Q9A;
				INFOPLIST_FILE = Podcast/Info.plist;
				LD_RUNPATH_SEARCH_PATHS = (
					"$(inherited)",
					"@executable_path/Frameworks",
				);
				PRODUCT_BUNDLE_IDENTIFIER = me.mika.Podcast;
				PRODUCT_NAME = "$(TARGET_NAME)";
				SWIFT_VERSION = 5.0;
				TARGETED_DEVICE_FAMILY = "1,2";
			};
			name = Debug;
		};
		0935308625E7482300DAE739 /* Release */ = {
			isa = XCBuildConfiguration;
			baseConfigurationReference = C1067988AC9983CDECFBE7CD /* Pods-Podcast.release.xcconfig */;
			buildSettings = {
				ASSETCATALOG_COMPILER_APPICON_NAME = AppIcon;
				ASSETCATALOG_COMPILER_GLOBAL_ACCENT_COLOR_NAME = AccentColor;
				CODE_SIGN_STYLE = Automatic;
				DEVELOPMENT_TEAM = 324FCA6Q9A;
				INFOPLIST_FILE = Podcast/Info.plist;
				LD_RUNPATH_SEARCH_PATHS = (
					"$(inherited)",
					"@executable_path/Frameworks",
				);
				PRODUCT_BUNDLE_IDENTIFIER = me.mika.Podcast;
				PRODUCT_NAME = "$(TARGET_NAME)";
				SWIFT_VERSION = 5.0;
				TARGETED_DEVICE_FAMILY = "1,2";
			};
			name = Release;
		};
/* End XCBuildConfiguration section */

/* Begin XCConfigurationList section */
		0935306B25E7482200DAE739 /* Build configuration list for PBXProject "Podcast" */ = {
			isa = XCConfigurationList;
			buildConfigurations = (
				0935308225E7482300DAE739 /* Debug */,
				0935308325E7482300DAE739 /* Release */,
			);
			defaultConfigurationIsVisible = 0;
			defaultConfigurationName = Release;
		};
		0935308425E7482300DAE739 /* Build configuration list for PBXNativeTarget "Podcast" */ = {
			isa = XCConfigurationList;
			buildConfigurations = (
				0935308525E7482300DAE739 /* Debug */,
				0935308625E7482300DAE739 /* Release */,
			);
			defaultConfigurationIsVisible = 0;
			defaultConfigurationName = Release;
		};
/* End XCConfigurationList section */
	};
	rootObject = 0935306825E7482200DAE739 /* Project object */;
}
